
Microsoft Visual Studio Solution File, Format Version 12.00
# Visual Studio Version 17
VisualStudioVersion = 17.3.32825.248
MinimumVisualStudioVersion = 10.0.40219.1
Project("{2150E333-8FDC-42A3-9474-1A3956D46DE8}") = "Tools", "Tools", "{D284B0BA-7E0F-4E45-A726-A86EC1543127}"
EndProject
Project("{2150E333-8FDC-42A3-9474-1A3956D46DE8}") = "Libraries", "Libraries", "{4A2350A8-B70B-4082-9D3E-EF179018E176}"
EndProject
Project("{2150E333-8FDC-42A3-9474-1A3956D46DE8}") = "Services", "Services", "{C923E661-9DBD-4E80-85A8-7B8EEF446156}"
EndProject
Project("{2150E333-8FDC-42A3-9474-1A3956D46DE8}") = "Clients", "Clients", "{58916A24-6CD5-44FB-BE46-E8C61AEE8856}"
EndProject
Project("{2150E333-8FDC-42A3-9474-1A3956D46DE8}") = "Desktop", "Desktop", "{C7CDAF23-584E-475E-A066-0D8CECF5E5AC}"
EndProject
Project("{2150E333-8FDC-42A3-9474-1A3956D46DE8}") = "Model", "Model", "{993C183B-B49E-4BC6-9353-88E501ABE90A}"
EndProject
Project("{2150E333-8FDC-42A3-9474-1A3956D46DE8}") = "View", "View", "{E9EFC27A-4CA0-425A-B4A3-43A15DA5ACA3}"
EndProject
Project("{2150E333-8FDC-42A3-9474-1A3956D46DE8}") = "ViewModel", "ViewModel", "{710A85D7-3A06-4807-9036-53E90C72C369}"
EndProject
Project("{2150E333-8FDC-42A3-9474-1A3956D46DE8}") = "Tests", "Tests", "{3FD4F2D2-A011-4A6E-951F-502597B62398}"
EndProject
Project("{9A19103F-16F7-4668-BE54-9A1E7A4F7556}") = "Edblock.UserManagementModel", "Clients\Desktop\Model\Edblock.UserManagementLibrary\Edblock.UserManagementModel.csproj", "{8941A768-8621-4844-ADE4-2F0A60B79D26}"
EndProject
Project("{9A19103F-16F7-4668-BE54-9A1E7A4F7556}") = "EdblockModel", "Clients\Desktop\Model\EdblockModel\EdblockModel.csproj", "{30B4B30E-EC09-4729-8152-BE82D3B8E6EA}"
EndProject
Project("{9A19103F-16F7-4668-BE54-9A1E7A4F7556}") = "EdblockView", "Clients\Desktop\View\EdblockView\EdblockView.csproj", "{25A0DBE8-F0CB-49DB-A2D1-F720E7C337BE}"
EndProject
Project("{9A19103F-16F7-4668-BE54-9A1E7A4F7556}") = "Edblock.SymbolsUI", "Clients\Desktop\View\Edblock.SymbolsUI\Edblock.SymbolsUI.csproj", "{D7FD55E7-B4AC-4C25-AB91-079E26181E68}"
EndProject
Project("{9A19103F-16F7-4668-BE54-9A1E7A4F7556}") = "EdblockViewModel", "Clients\Desktop\ViewModel\EdblockViewModel\EdblockViewModel.csproj", "{5911FA4D-15C1-4F2E-8874-EB579E1B6D37}"
EndProject
Project("{9A19103F-16F7-4668-BE54-9A1E7A4F7556}") = "Edblock.ProjectsManagementService", "Services\Edbloc.ProjectsService\Edblock.ProjectsManagementService.csproj", "{B596FCCF-18DC-4976-8B43-FA2826498E30}"
EndProject
Project("{9A19103F-16F7-4668-BE54-9A1E7A4F7556}") = "Edblock.UserManagementService", "Services\Edblock.UserManagementService\Edblock.UserManagementService.csproj", "{571E0D97-9C80-4ED6-B220-27CF153B8732}"
EndProject
Project("{9A19103F-16F7-4668-BE54-9A1E7A4F7556}") = "Edblock.SymbolsSerialization", "Edblock.SymbolsSerialization\Edblock.SymbolsSerialization.csproj", "{91226082-99A0-4B12-84DB-3C161CE32BDB}"
EndProject
Project("{9A19103F-16F7-4668-BE54-9A1E7A4F7556}") = "Edblock.Library", "Libraries\Edblock.Library\Edblock.Library.csproj", "{C9937D70-60C6-4095-BD80-63291B2DABAC}"
EndProject
Project("{9A19103F-16F7-4668-BE54-9A1E7A4F7556}") = "Edblock.IdentityServer", "Tools\Edblock.IdentityServer\Edblock.IdentityServer.csproj", "{5F9AA5D8-4B9F-491E-8299-16FD40E8A6C3}"
EndProject
Project("{9A19103F-16F7-4668-BE54-9A1E7A4F7556}") = "Edblock.UserManagementService.ConsoleAppTest", "Tools\Edblock.UserManagementService.ConsoleAppTest\Edblock.UserManagementService.ConsoleAppTest.csproj", "{F5F6BD4C-8600-4202-A38D-7414DBAC5E3E}"
EndProject
Project("{9A19103F-16F7-4668-BE54-9A1E7A4F7556}") = "Edblock.ProjectsManagementModel", "Edblock.ProjectsManagementModel\Edblock.ProjectsManagementModel.csproj", "{2E0B234E-3683-47CF-9B42-456249BBCC8E}"
EndProject
Project("{9A19103F-16F7-4668-BE54-9A1E7A4F7556}") = "Edblock.SymbolsView", "Edblock.SymbolsView\Edblock.SymbolsView.csproj", "{C357213C-10E2-4FB4-8622-32F427142032}"
EndProject
Project("{FAE04EC0-301F-11D3-BF4B-00C04F79EFBC}") = "EdblockComponentsViewModel", "EdblockComponentsViewModel\EdblockComponentsViewModel.csproj", "{3794E20C-E066-4261-8A44-9DDFA295D063}"
EndProject
Global
	GlobalSection(SolutionConfigurationPlatforms) = preSolution
		Debug|Any CPU = Debug|Any CPU
		Release|Any CPU = Release|Any CPU
	EndGlobalSection
	GlobalSection(ProjectConfigurationPlatforms) = postSolution
		{8941A768-8621-4844-ADE4-2F0A60B79D26}.Debug|Any CPU.ActiveCfg = Debug|Any CPU
		{8941A768-8621-4844-ADE4-2F0A60B79D26}.Debug|Any CPU.Build.0 = Debug|Any CPU
		{8941A768-8621-4844-ADE4-2F0A60B79D26}.Release|Any CPU.ActiveCfg = Release|Any CPU
		{8941A768-8621-4844-ADE4-2F0A60B79D26}.Release|Any CPU.Build.0 = Release|Any CPU
		{30B4B30E-EC09-4729-8152-BE82D3B8E6EA}.Debug|Any CPU.ActiveCfg = Debug|Any CPU
		{30B4B30E-EC09-4729-8152-BE82D3B8E6EA}.Debug|Any CPU.Build.0 = Debug|Any CPU
		{30B4B30E-EC09-4729-8152-BE82D3B8E6EA}.Release|Any CPU.ActiveCfg = Release|Any CPU
		{30B4B30E-EC09-4729-8152-BE82D3B8E6EA}.Release|Any CPU.Build.0 = Release|Any CPU
		{25A0DBE8-F0CB-49DB-A2D1-F720E7C337BE}.Debug|Any CPU.ActiveCfg = Debug|Any CPU
		{25A0DBE8-F0CB-49DB-A2D1-F720E7C337BE}.Debug|Any CPU.Build.0 = Debug|Any CPU
		{25A0DBE8-F0CB-49DB-A2D1-F720E7C337BE}.Release|Any CPU.ActiveCfg = Release|Any CPU
		{25A0DBE8-F0CB-49DB-A2D1-F720E7C337BE}.Release|Any CPU.Build.0 = Release|Any CPU
		{D7FD55E7-B4AC-4C25-AB91-079E26181E68}.Debug|Any CPU.ActiveCfg = Debug|Any CPU
		{D7FD55E7-B4AC-4C25-AB91-079E26181E68}.Debug|Any CPU.Build.0 = Debug|Any CPU
		{D7FD55E7-B4AC-4C25-AB91-079E26181E68}.Release|Any CPU.ActiveCfg = Release|Any CPU
		{D7FD55E7-B4AC-4C25-AB91-079E26181E68}.Release|Any CPU.Build.0 = Release|Any CPU
		{5911FA4D-15C1-4F2E-8874-EB579E1B6D37}.Debug|Any CPU.ActiveCfg = Debug|Any CPU
		{5911FA4D-15C1-4F2E-8874-EB579E1B6D37}.Debug|Any CPU.Build.0 = Debug|Any CPU
		{5911FA4D-15C1-4F2E-8874-EB579E1B6D37}.Release|Any CPU.ActiveCfg = Release|Any CPU
		{5911FA4D-15C1-4F2E-8874-EB579E1B6D37}.Release|Any CPU.Build.0 = Release|Any CPU
		{B596FCCF-18DC-4976-8B43-FA2826498E30}.Debug|Any CPU.ActiveCfg = Debug|Any CPU
		{B596FCCF-18DC-4976-8B43-FA2826498E30}.Debug|Any CPU.Build.0 = Debug|Any CPU
		{B596FCCF-18DC-4976-8B43-FA2826498E30}.Release|Any CPU.ActiveCfg = Release|Any CPU
		{B596FCCF-18DC-4976-8B43-FA2826498E30}.Release|Any CPU.Build.0 = Release|Any CPU
		{571E0D97-9C80-4ED6-B220-27CF153B8732}.Debug|Any CPU.ActiveCfg = Debug|Any CPU
		{571E0D97-9C80-4ED6-B220-27CF153B8732}.Debug|Any CPU.Build.0 = Debug|Any CPU
		{571E0D97-9C80-4ED6-B220-27CF153B8732}.Release|Any CPU.ActiveCfg = Release|Any CPU
		{571E0D97-9C80-4ED6-B220-27CF153B8732}.Release|Any CPU.Build.0 = Release|Any CPU
		{91226082-99A0-4B12-84DB-3C161CE32BDB}.Debug|Any CPU.ActiveCfg = Debug|Any CPU
		{91226082-99A0-4B12-84DB-3C161CE32BDB}.Debug|Any CPU.Build.0 = Debug|Any CPU
		{91226082-99A0-4B12-84DB-3C161CE32BDB}.Release|Any CPU.ActiveCfg = Release|Any CPU
		{91226082-99A0-4B12-84DB-3C161CE32BDB}.Release|Any CPU.Build.0 = Release|Any CPU
		{C9937D70-60C6-4095-BD80-63291B2DABAC}.Debug|Any CPU.ActiveCfg = Debug|Any CPU
		{C9937D70-60C6-4095-BD80-63291B2DABAC}.Debug|Any CPU.Build.0 = Debug|Any CPU
		{C9937D70-60C6-4095-BD80-63291B2DABAC}.Release|Any CPU.ActiveCfg = Release|Any CPU
		{C9937D70-60C6-4095-BD80-63291B2DABAC}.Release|Any CPU.Build.0 = Release|Any CPU
		{5F9AA5D8-4B9F-491E-8299-16FD40E8A6C3}.Debug|Any CPU.ActiveCfg = Debug|Any CPU
		{5F9AA5D8-4B9F-491E-8299-16FD40E8A6C3}.Debug|Any CPU.Build.0 = Debug|Any CPU
		{5F9AA5D8-4B9F-491E-8299-16FD40E8A6C3}.Release|Any CPU.ActiveCfg = Release|Any CPU
		{5F9AA5D8-4B9F-491E-8299-16FD40E8A6C3}.Release|Any CPU.Build.0 = Release|Any CPU
		{F5F6BD4C-8600-4202-A38D-7414DBAC5E3E}.Debug|Any CPU.ActiveCfg = Debug|Any CPU
		{F5F6BD4C-8600-4202-A38D-7414DBAC5E3E}.Debug|Any CPU.Build.0 = Debug|Any CPU
		{F5F6BD4C-8600-4202-A38D-7414DBAC5E3E}.Release|Any CPU.ActiveCfg = Release|Any CPU
		{F5F6BD4C-8600-4202-A38D-7414DBAC5E3E}.Release|Any CPU.Build.0 = Release|Any CPU
		{2E0B234E-3683-47CF-9B42-456249BBCC8E}.Debug|Any CPU.ActiveCfg = Debug|Any CPU
		{2E0B234E-3683-47CF-9B42-456249BBCC8E}.Debug|Any CPU.Build.0 = Debug|Any CPU
		{2E0B234E-3683-47CF-9B42-456249BBCC8E}.Release|Any CPU.ActiveCfg = Release|Any CPU
		{2E0B234E-3683-47CF-9B42-456249BBCC8E}.Release|Any CPU.Build.0 = Release|Any CPU
		{C357213C-10E2-4FB4-8622-32F427142032}.Debug|Any CPU.ActiveCfg = Debug|Any CPU
		{C357213C-10E2-4FB4-8622-32F427142032}.Debug|Any CPU.Build.0 = Debug|Any CPU
		{C357213C-10E2-4FB4-8622-32F427142032}.Release|Any CPU.ActiveCfg = Release|Any CPU
		{C357213C-10E2-4FB4-8622-32F427142032}.Release|Any CPU.Build.0 = Release|Any CPU
		{3794E20C-E066-4261-8A44-9DDFA295D063}.Debug|Any CPU.ActiveCfg = Debug|Any CPU
		{3794E20C-E066-4261-8A44-9DDFA295D063}.Debug|Any CPU.Build.0 = Debug|Any CPU
		{3794E20C-E066-4261-8A44-9DDFA295D063}.Release|Any CPU.ActiveCfg = Release|Any CPU
		{3794E20C-E066-4261-8A44-9DDFA295D063}.Release|Any CPU.Build.0 = Release|Any CPU
	EndGlobalSection
	GlobalSection(SolutionProperties) = preSolution
		HideSolutionNode = FALSE
	EndGlobalSection
	GlobalSection(NestedProjects) = preSolution
		{C7CDAF23-584E-475E-A066-0D8CECF5E5AC} = {58916A24-6CD5-44FB-BE46-E8C61AEE8856}
		{993C183B-B49E-4BC6-9353-88E501ABE90A} = {C7CDAF23-584E-475E-A066-0D8CECF5E5AC}
		{E9EFC27A-4CA0-425A-B4A3-43A15DA5ACA3} = {C7CDAF23-584E-475E-A066-0D8CECF5E5AC}
		{710A85D7-3A06-4807-9036-53E90C72C369} = {C7CDAF23-584E-475E-A066-0D8CECF5E5AC}
		{8941A768-8621-4844-ADE4-2F0A60B79D26} = {993C183B-B49E-4BC6-9353-88E501ABE90A}
		{30B4B30E-EC09-4729-8152-BE82D3B8E6EA} = {993C183B-B49E-4BC6-9353-88E501ABE90A}
		{25A0DBE8-F0CB-49DB-A2D1-F720E7C337BE} = {E9EFC27A-4CA0-425A-B4A3-43A15DA5ACA3}
		{D7FD55E7-B4AC-4C25-AB91-079E26181E68} = {E9EFC27A-4CA0-425A-B4A3-43A15DA5ACA3}
		{5911FA4D-15C1-4F2E-8874-EB579E1B6D37} = {710A85D7-3A06-4807-9036-53E90C72C369}
		{B596FCCF-18DC-4976-8B43-FA2826498E30} = {C923E661-9DBD-4E80-85A8-7B8EEF446156}
		{571E0D97-9C80-4ED6-B220-27CF153B8732} = {C923E661-9DBD-4E80-85A8-7B8EEF446156}
		{91226082-99A0-4B12-84DB-3C161CE32BDB} = {993C183B-B49E-4BC6-9353-88E501ABE90A}
		{C9937D70-60C6-4095-BD80-63291B2DABAC} = {4A2350A8-B70B-4082-9D3E-EF179018E176}
		{5F9AA5D8-4B9F-491E-8299-16FD40E8A6C3} = {D284B0BA-7E0F-4E45-A726-A86EC1543127}
		{F5F6BD4C-8600-4202-A38D-7414DBAC5E3E} = {D284B0BA-7E0F-4E45-A726-A86EC1543127}
		{2E0B234E-3683-47CF-9B42-456249BBCC8E} = {993C183B-B49E-4BC6-9353-88E501ABE90A}
		{C357213C-10E2-4FB4-8622-32F427142032} = {E9EFC27A-4CA0-425A-B4A3-43A15DA5ACA3}
		{3794E20C-E066-4261-8A44-9DDFA295D063} = {710A85D7-3A06-4807-9036-53E90C72C369}
	EndGlobalSection
	GlobalSection(ExtensibilityGlobals) = postSolution
		SolutionGuid = {788EDC0A-2FC7-48B5-BBD7-0322397804DB}
	EndGlobalSection
EndGlobal
