
Microsoft Visual Studio Solution File, Format Version 12.00
# Visual Studio Version 17
VisualStudioVersion = 17.3.32825.248
MinimumVisualStudioVersion = 10.0.40219.1
Project("{2150E333-8FDC-42A3-9474-1A3956D46DE8}") = "Tools", "Tools", "{D284B0BA-7E0F-4E45-A726-A86EC1543127}"
EndProject
Project("{2150E333-8FDC-42A3-9474-1A3956D46DE8}") = "Libraries", "Libraries", "{4A2350A8-B70B-4082-9D3E-EF179018E176}"
EndProject
Project("{2150E333-8FDC-42A3-9474-1A3956D46DE8}") = "Services", "Services", "{C923E661-9DBD-4E80-85A8-7B8EEF446156}"
EndProject
Project("{2150E333-8FDC-42A3-9474-1A3956D46DE8}") = "Clients", "Clients", "{58916A24-6CD5-44FB-BE46-E8C61AEE8856}"
EndProject
Project("{2150E333-8FDC-42A3-9474-1A3956D46DE8}") = "Desktop", "Desktop", "{C7CDAF23-584E-475E-A066-0D8CECF5E5AC}"
EndProject
Project("{2150E333-8FDC-42A3-9474-1A3956D46DE8}") = "Model", "Model", "{993C183B-B49E-4BC6-9353-88E501ABE90A}"
EndProject
Project("{2150E333-8FDC-42A3-9474-1A3956D46DE8}") = "View", "View", "{E9EFC27A-4CA0-425A-B4A3-43A15DA5ACA3}"
EndProject
Project("{2150E333-8FDC-42A3-9474-1A3956D46DE8}") = "ViewModel", "ViewModel", "{710A85D7-3A06-4807-9036-53E90C72C369}"
EndProject
Project("{2150E333-8FDC-42A3-9474-1A3956D46DE8}") = "Tests", "Tests", "{3FD4F2D2-A011-4A6E-951F-502597B62398}"
EndProject
Project("{9A19103F-16F7-4668-BE54-9A1E7A4F7556}") = "Edblock.IdentityServer", "Tools\Edblock.IdentityServer\Edblock.IdentityServer.csproj", "{3C53A0F1-CC47-4068-B0BC-25C5BF1FACA6}"
EndProject
Project("{9A19103F-16F7-4668-BE54-9A1E7A4F7556}") = "Edblock.UserManagementService.ConsoleAppTest", "Tools\Edblock.UserManagementService.ConsoleAppTest\Edblock.UserManagementService.ConsoleAppTest.csproj", "{E599433A-60C5-4C1B-8E24-578979535068}"
EndProject
Project("{9A19103F-16F7-4668-BE54-9A1E7A4F7556}") = "Edblock.UserManagementService", "Services\Edblock.UserManagementService\Edblock.UserManagementService.csproj", "{8B49DA48-80EA-427B-A6D6-3738B01D9965}"
EndProject
Project("{9A19103F-16F7-4668-BE54-9A1E7A4F7556}") = "Edblock.Library", "Libraries\Edblock.Library\Edblock.Library.csproj", "{AD03FEB8-C501-41A2-8545-45C6EB77F61C}"
EndProject
Project("{9A19103F-16F7-4668-BE54-9A1E7A4F7556}") = "EdblockViewModel", "Clients\Desktop\ViewModel\EdblockViewModel\EdblockViewModel.csproj", "{26524282-D776-4571-BE77-FB3E8D762545}"
EndProject
Project("{9A19103F-16F7-4668-BE54-9A1E7A4F7556}") = "Edblock.SymbolsUI", "Clients\Desktop\View\Edblock.SymbolsUI\Edblock.SymbolsUI.csproj", "{CB4280C3-8777-4FA7-9EF9-53C618D46D20}"
EndProject
Project("{9A19103F-16F7-4668-BE54-9A1E7A4F7556}") = "EdblockView", "Clients\Desktop\View\EdblockView\EdblockView.csproj", "{D7705DF3-B59C-455E-B697-FBB7255693E3}"
EndProject
Project("{9A19103F-16F7-4668-BE54-9A1E7A4F7556}") = "Edblock.UserManagementLibrary", "Clients\Desktop\Model\Edblock.UserManagementLibrary\Edblock.UserManagementLibrary.csproj", "{1BE7F083-0053-4032-B6F4-39EDAA8E6B64}"
EndProject
Project("{9A19103F-16F7-4668-BE54-9A1E7A4F7556}") = "EdblockModel", "Clients\Desktop\Model\EdblockModel\EdblockModel.csproj", "{F28F1102-D1BB-45B6-8405-32E57FBF3A1B}"
EndProject
Global
	GlobalSection(SolutionConfigurationPlatforms) = preSolution
		Debug|Any CPU = Debug|Any CPU
		Release|Any CPU = Release|Any CPU
	EndGlobalSection
	GlobalSection(ProjectConfigurationPlatforms) = postSolution
		{3C53A0F1-CC47-4068-B0BC-25C5BF1FACA6}.Debug|Any CPU.ActiveCfg = Debug|Any CPU
		{3C53A0F1-CC47-4068-B0BC-25C5BF1FACA6}.Debug|Any CPU.Build.0 = Debug|Any CPU
		{3C53A0F1-CC47-4068-B0BC-25C5BF1FACA6}.Release|Any CPU.ActiveCfg = Release|Any CPU
		{3C53A0F1-CC47-4068-B0BC-25C5BF1FACA6}.Release|Any CPU.Build.0 = Release|Any CPU
		{E599433A-60C5-4C1B-8E24-578979535068}.Debug|Any CPU.ActiveCfg = Debug|Any CPU
		{E599433A-60C5-4C1B-8E24-578979535068}.Debug|Any CPU.Build.0 = Debug|Any CPU
		{E599433A-60C5-4C1B-8E24-578979535068}.Release|Any CPU.ActiveCfg = Release|Any CPU
		{E599433A-60C5-4C1B-8E24-578979535068}.Release|Any CPU.Build.0 = Release|Any CPU
		{8B49DA48-80EA-427B-A6D6-3738B01D9965}.Debug|Any CPU.ActiveCfg = Debug|Any CPU
		{8B49DA48-80EA-427B-A6D6-3738B01D9965}.Debug|Any CPU.Build.0 = Debug|Any CPU
		{8B49DA48-80EA-427B-A6D6-3738B01D9965}.Release|Any CPU.ActiveCfg = Release|Any CPU
		{8B49DA48-80EA-427B-A6D6-3738B01D9965}.Release|Any CPU.Build.0 = Release|Any CPU
		{AD03FEB8-C501-41A2-8545-45C6EB77F61C}.Debug|Any CPU.ActiveCfg = Debug|Any CPU
		{AD03FEB8-C501-41A2-8545-45C6EB77F61C}.Debug|Any CPU.Build.0 = Debug|Any CPU
		{AD03FEB8-C501-41A2-8545-45C6EB77F61C}.Release|Any CPU.ActiveCfg = Release|Any CPU
		{AD03FEB8-C501-41A2-8545-45C6EB77F61C}.Release|Any CPU.Build.0 = Release|Any CPU
		{26524282-D776-4571-BE77-FB3E8D762545}.Debug|Any CPU.ActiveCfg = Debug|Any CPU
		{26524282-D776-4571-BE77-FB3E8D762545}.Debug|Any CPU.Build.0 = Debug|Any CPU
		{26524282-D776-4571-BE77-FB3E8D762545}.Release|Any CPU.ActiveCfg = Release|Any CPU
		{26524282-D776-4571-BE77-FB3E8D762545}.Release|Any CPU.Build.0 = Release|Any CPU
		{CB4280C3-8777-4FA7-9EF9-53C618D46D20}.Debug|Any CPU.ActiveCfg = Debug|Any CPU
		{CB4280C3-8777-4FA7-9EF9-53C618D46D20}.Debug|Any CPU.Build.0 = Debug|Any CPU
		{CB4280C3-8777-4FA7-9EF9-53C618D46D20}.Release|Any CPU.ActiveCfg = Release|Any CPU
		{CB4280C3-8777-4FA7-9EF9-53C618D46D20}.Release|Any CPU.Build.0 = Release|Any CPU
		{D7705DF3-B59C-455E-B697-FBB7255693E3}.Debug|Any CPU.ActiveCfg = Debug|Any CPU
		{D7705DF3-B59C-455E-B697-FBB7255693E3}.Debug|Any CPU.Build.0 = Debug|Any CPU
		{D7705DF3-B59C-455E-B697-FBB7255693E3}.Release|Any CPU.ActiveCfg = Release|Any CPU
		{D7705DF3-B59C-455E-B697-FBB7255693E3}.Release|Any CPU.Build.0 = Release|Any CPU
		{1BE7F083-0053-4032-B6F4-39EDAA8E6B64}.Debug|Any CPU.ActiveCfg = Debug|Any CPU
		{1BE7F083-0053-4032-B6F4-39EDAA8E6B64}.Debug|Any CPU.Build.0 = Debug|Any CPU
		{1BE7F083-0053-4032-B6F4-39EDAA8E6B64}.Release|Any CPU.ActiveCfg = Release|Any CPU
		{1BE7F083-0053-4032-B6F4-39EDAA8E6B64}.Release|Any CPU.Build.0 = Release|Any CPU
		{F28F1102-D1BB-45B6-8405-32E57FBF3A1B}.Debug|Any CPU.ActiveCfg = Debug|Any CPU
		{F28F1102-D1BB-45B6-8405-32E57FBF3A1B}.Debug|Any CPU.Build.0 = Debug|Any CPU
		{F28F1102-D1BB-45B6-8405-32E57FBF3A1B}.Release|Any CPU.ActiveCfg = Release|Any CPU
		{F28F1102-D1BB-45B6-8405-32E57FBF3A1B}.Release|Any CPU.Build.0 = Release|Any CPU
	EndGlobalSection
	GlobalSection(SolutionProperties) = preSolution
		HideSolutionNode = FALSE
	EndGlobalSection
	GlobalSection(NestedProjects) = preSolution
		{C7CDAF23-584E-475E-A066-0D8CECF5E5AC} = {58916A24-6CD5-44FB-BE46-E8C61AEE8856}
		{993C183B-B49E-4BC6-9353-88E501ABE90A} = {C7CDAF23-584E-475E-A066-0D8CECF5E5AC}
		{E9EFC27A-4CA0-425A-B4A3-43A15DA5ACA3} = {C7CDAF23-584E-475E-A066-0D8CECF5E5AC}
		{710A85D7-3A06-4807-9036-53E90C72C369} = {C7CDAF23-584E-475E-A066-0D8CECF5E5AC}
		{3C53A0F1-CC47-4068-B0BC-25C5BF1FACA6} = {D284B0BA-7E0F-4E45-A726-A86EC1543127}
		{E599433A-60C5-4C1B-8E24-578979535068} = {D284B0BA-7E0F-4E45-A726-A86EC1543127}
		{8B49DA48-80EA-427B-A6D6-3738B01D9965} = {C923E661-9DBD-4E80-85A8-7B8EEF446156}
		{AD03FEB8-C501-41A2-8545-45C6EB77F61C} = {4A2350A8-B70B-4082-9D3E-EF179018E176}
		{26524282-D776-4571-BE77-FB3E8D762545} = {710A85D7-3A06-4807-9036-53E90C72C369}
		{CB4280C3-8777-4FA7-9EF9-53C618D46D20} = {E9EFC27A-4CA0-425A-B4A3-43A15DA5ACA3}
		{D7705DF3-B59C-455E-B697-FBB7255693E3} = {E9EFC27A-4CA0-425A-B4A3-43A15DA5ACA3}
		{1BE7F083-0053-4032-B6F4-39EDAA8E6B64} = {993C183B-B49E-4BC6-9353-88E501ABE90A}
		{F28F1102-D1BB-45B6-8405-32E57FBF3A1B} = {993C183B-B49E-4BC6-9353-88E501ABE90A}
	EndGlobalSection
	GlobalSection(ExtensibilityGlobals) = postSolution
		SolutionGuid = {788EDC0A-2FC7-48B5-BBD7-0322397804DB}
	EndGlobalSection
EndGlobal
