
Microsoft Visual Studio Solution File, Format Version 12.00
# Visual Studio Version 17
VisualStudioVersion = 17.3.32825.248
MinimumVisualStudioVersion = 10.0.40219.1
Project("{9A19103F-16F7-4668-BE54-9A1E7A4F7556}") = "EdblockView", "EdblockView\EdblockView.csproj", "{B8BA6DB2-C4F3-4F6C-9AF5-CC41AE65A1DF}"
EndProject
Project("{9A19103F-16F7-4668-BE54-9A1E7A4F7556}") = "EdblockViewModel", "EdblockViewModel\EdblockViewModel.csproj", "{2969BC6F-F644-4F52-AF3B-E9278A590256}"
EndProject
Project("{9A19103F-16F7-4668-BE54-9A1E7A4F7556}") = "EdblockModel", "EdblockModel\EdblockModel.csproj", "{782124AC-32EB-41C8-A3F9-B676A5B09CF3}"
EndProject
Project("{FAE04EC0-301F-11D3-BF4B-00C04F79EFBC}") = "SerializationEdblock", "SerializationEdblock\SerializationEdblock.csproj", "{19F5CE64-8B72-4E7C-86EF-227156627663}"
EndProject
Global
	GlobalSection(SolutionConfigurationPlatforms) = preSolution
		Debug|Any CPU = Debug|Any CPU
		Release|Any CPU = Release|Any CPU
	EndGlobalSection
	GlobalSection(ProjectConfigurationPlatforms) = postSolution
		{B8BA6DB2-C4F3-4F6C-9AF5-CC41AE65A1DF}.Debug|Any CPU.ActiveCfg = Debug|Any CPU
		{B8BA6DB2-C4F3-4F6C-9AF5-CC41AE65A1DF}.Debug|Any CPU.Build.0 = Debug|Any CPU
		{B8BA6DB2-C4F3-4F6C-9AF5-CC41AE65A1DF}.Release|Any CPU.ActiveCfg = Release|Any CPU
		{B8BA6DB2-C4F3-4F6C-9AF5-CC41AE65A1DF}.Release|Any CPU.Build.0 = Release|Any CPU
		{2969BC6F-F644-4F52-AF3B-E9278A590256}.Debug|Any CPU.ActiveCfg = Debug|Any CPU
		{2969BC6F-F644-4F52-AF3B-E9278A590256}.Debug|Any CPU.Build.0 = Debug|Any CPU
		{2969BC6F-F644-4F52-AF3B-E9278A590256}.Release|Any CPU.ActiveCfg = Release|Any CPU
		{2969BC6F-F644-4F52-AF3B-E9278A590256}.Release|Any CPU.Build.0 = Release|Any CPU
		{782124AC-32EB-41C8-A3F9-B676A5B09CF3}.Debug|Any CPU.ActiveCfg = Debug|Any CPU
		{782124AC-32EB-41C8-A3F9-B676A5B09CF3}.Debug|Any CPU.Build.0 = Debug|Any CPU
		{782124AC-32EB-41C8-A3F9-B676A5B09CF3}.Release|Any CPU.ActiveCfg = Release|Any CPU
		{782124AC-32EB-41C8-A3F9-B676A5B09CF3}.Release|Any CPU.Build.0 = Release|Any CPU
		{19F5CE64-8B72-4E7C-86EF-227156627663}.Debug|Any CPU.ActiveCfg = Debug|Any CPU
		{19F5CE64-8B72-4E7C-86EF-227156627663}.Debug|Any CPU.Build.0 = Debug|Any CPU
		{19F5CE64-8B72-4E7C-86EF-227156627663}.Release|Any CPU.ActiveCfg = Release|Any CPU
		{19F5CE64-8B72-4E7C-86EF-227156627663}.Release|Any CPU.Build.0 = Release|Any CPU
	EndGlobalSection
	GlobalSection(SolutionProperties) = preSolution
		HideSolutionNode = FALSE
	EndGlobalSection
	GlobalSection(ExtensibilityGlobals) = postSolution
		SolutionGuid = {788EDC0A-2FC7-48B5-BBD7-0322397804DB}
	EndGlobalSection
EndGlobal
